// !$*UTF8*$!
{
	archiveVersion = 1;
	classes = {
	};
	objectVersion = 56;
	objects = {

/* Begin PBXBuildFile section */
		A38C651129AA9537007FD1A8 /* AppDelegate.swift in Sources */ = {isa = PBXBuildFile; fileRef = A38C651029AA9537007FD1A8 /* AppDelegate.swift */; };
		A38C651329AA9537007FD1A8 /* SceneDelegate.swift in Sources */ = {isa = PBXBuildFile; fileRef = A38C651229AA9537007FD1A8 /* SceneDelegate.swift */; };
		A38C651829AA9538007FD1A8 /* Main.storyboard in Resources */ = {isa = PBXBuildFile; fileRef = A38C651629AA9538007FD1A8 /* Main.storyboard */; };
		A38C651A29AA9538007FD1A8 /* Assets.xcassets in Resources */ = {isa = PBXBuildFile; fileRef = A38C651929AA9538007FD1A8 /* Assets.xcassets */; };
		A38C651D29AA9538007FD1A8 /* LaunchScreen.storyboard in Resources */ = {isa = PBXBuildFile; fileRef = A38C651B29AA9538007FD1A8 /* LaunchScreen.storyboard */; };
		A39288CF29B2004C00B63C2D /* NewsDetailsViewPresenterProtocol.swift in Sources */ = {isa = PBXBuildFile; fileRef = A39288CE29B2004C00B63C2D /* NewsDetailsViewPresenterProtocol.swift */; };
		A39288D129B2006700B63C2D /* NewsDetaislViewPresenter.swift in Sources */ = {isa = PBXBuildFile; fileRef = A39288D029B2006700B63C2D /* NewsDetaislViewPresenter.swift */; };
		A39288D329B2009F00B63C2D /* NewsDetailsViewController.swift in Sources */ = {isa = PBXBuildFile; fileRef = A39288D229B2009F00B63C2D /* NewsDetailsViewController.swift */; };
		A39288D529B20C5D00B63C2D /* NewsTableViewCell.swift in Sources */ = {isa = PBXBuildFile; fileRef = A39288D429B20C5D00B63C2D /* NewsTableViewCell.swift */; };
		A39288D829B20C8A00B63C2D /* SnapKit in Frameworks */ = {isa = PBXBuildFile; productRef = A39288D729B20C8A00B63C2D /* SnapKit */; };
		A39288DB29B20D3100B63C2D /* SDWebImage in Frameworks */ = {isa = PBXBuildFile; productRef = A39288DA29B20D3100B63C2D /* SDWebImage */; };
		A39288DD29B20FED00B63C2D /* NewsDetailsViewControllerProtocol.swift in Sources */ = {isa = PBXBuildFile; fileRef = A39288DC29B20FED00B63C2D /* NewsDetailsViewControllerProtocol.swift */; };
		A39288DF29B21A3500B63C2D /* Router.swift in Sources */ = {isa = PBXBuildFile; fileRef = A39288DE29B21A3500B63C2D /* Router.swift */; };
		A398258929AB37000000D2B5 /* Model.swift in Sources */ = {isa = PBXBuildFile; fileRef = A398258829AB37000000D2B5 /* Model.swift */; };
		A39A676329AA95C500640D4A /* NewsListViewController.swift in Sources */ = {isa = PBXBuildFile; fileRef = A39A676229AA95C500640D4A /* NewsListViewController.swift */; };
		A39A676529AA95FD00640D4A /* NewsListViewPresenter.swift in Sources */ = {isa = PBXBuildFile; fileRef = A39A676429AA95FD00640D4A /* NewsListViewPresenter.swift */; };
		A39A676729AA962900640D4A /* NewsListViewControllerProtocol.swift in Sources */ = {isa = PBXBuildFile; fileRef = A39A676629AA962900640D4A /* NewsListViewControllerProtocol.swift */; };
		A39A676929AA963900640D4A /* NewsListViewPresenterProtocol.swift in Sources */ = {isa = PBXBuildFile; fileRef = A39A676829AA963900640D4A /* NewsListViewPresenterProtocol.swift */; };
		A39A676C29AA96F500640D4A /* NetworkManager.swift in Sources */ = {isa = PBXBuildFile; fileRef = A39A676B29AA96F500640D4A /* NetworkManager.swift */; };
		A39A677029AA9F5000640D4A /* ModuleBuilder.swift in Sources */ = {isa = PBXBuildFile; fileRef = A39A676F29AA9F5000640D4A /* ModuleBuilder.swift */; };
/* End PBXBuildFile section */

/* Begin PBXFileReference section */
		A38C650D29AA9537007FD1A8 /* NewsAppMVP.app */ = {isa = PBXFileReference; explicitFileType = wrapper.application; includeInIndex = 0; path = NewsAppMVP.app; sourceTree = BUILT_PRODUCTS_DIR; };
		A38C651029AA9537007FD1A8 /* AppDelegate.swift */ = {isa = PBXFileReference; lastKnownFileType = sourcecode.swift; path = AppDelegate.swift; sourceTree = "<group>"; };
		A38C651229AA9537007FD1A8 /* SceneDelegate.swift */ = {isa = PBXFileReference; lastKnownFileType = sourcecode.swift; path = SceneDelegate.swift; sourceTree = "<group>"; };
		A38C651729AA9538007FD1A8 /* Base */ = {isa = PBXFileReference; lastKnownFileType = file.storyboard; name = Base; path = Base.lproj/Main.storyboard; sourceTree = "<group>"; };
		A38C651929AA9538007FD1A8 /* Assets.xcassets */ = {isa = PBXFileReference; lastKnownFileType = folder.assetcatalog; path = Assets.xcassets; sourceTree = "<group>"; };
		A38C651C29AA9538007FD1A8 /* Base */ = {isa = PBXFileReference; lastKnownFileType = file.storyboard; name = Base; path = Base.lproj/LaunchScreen.storyboard; sourceTree = "<group>"; };
		A38C651E29AA9538007FD1A8 /* Info.plist */ = {isa = PBXFileReference; lastKnownFileType = text.plist.xml; path = Info.plist; sourceTree = "<group>"; };
		A39288CE29B2004C00B63C2D /* NewsDetailsViewPresenterProtocol.swift */ = {isa = PBXFileReference; lastKnownFileType = sourcecode.swift; path = NewsDetailsViewPresenterProtocol.swift; sourceTree = "<group>"; };
		A39288D029B2006700B63C2D /* NewsDetaislViewPresenter.swift */ = {isa = PBXFileReference; lastKnownFileType = sourcecode.swift; path = NewsDetaislViewPresenter.swift; sourceTree = "<group>"; };
		A39288D229B2009F00B63C2D /* NewsDetailsViewController.swift */ = {isa = PBXFileReference; lastKnownFileType = sourcecode.swift; path = NewsDetailsViewController.swift; sourceTree = "<group>"; };
		A39288D429B20C5D00B63C2D /* NewsTableViewCell.swift */ = {isa = PBXFileReference; lastKnownFileType = sourcecode.swift; path = NewsTableViewCell.swift; sourceTree = "<group>"; };
		A39288DC29B20FED00B63C2D /* NewsDetailsViewControllerProtocol.swift */ = {isa = PBXFileReference; lastKnownFileType = sourcecode.swift; path = NewsDetailsViewControllerProtocol.swift; sourceTree = "<group>"; };
		A39288DE29B21A3500B63C2D /* Router.swift */ = {isa = PBXFileReference; lastKnownFileType = sourcecode.swift; path = Router.swift; sourceTree = "<group>"; };
		A398258829AB37000000D2B5 /* Model.swift */ = {isa = PBXFileReference; lastKnownFileType = sourcecode.swift; path = Model.swift; sourceTree = "<group>"; };
		A39A676229AA95C500640D4A /* NewsListViewController.swift */ = {isa = PBXFileReference; lastKnownFileType = sourcecode.swift; path = NewsListViewController.swift; sourceTree = "<group>"; };
		A39A676429AA95FD00640D4A /* NewsListViewPresenter.swift */ = {isa = PBXFileReference; lastKnownFileType = sourcecode.swift; path = NewsListViewPresenter.swift; sourceTree = "<group>"; };
		A39A676629AA962900640D4A /* NewsListViewControllerProtocol.swift */ = {isa = PBXFileReference; lastKnownFileType = sourcecode.swift; path = NewsListViewControllerProtocol.swift; sourceTree = "<group>"; };
		A39A676829AA963900640D4A /* NewsListViewPresenterProtocol.swift */ = {isa = PBXFileReference; lastKnownFileType = sourcecode.swift; path = NewsListViewPresenterProtocol.swift; sourceTree = "<group>"; };
		A39A676B29AA96F500640D4A /* NetworkManager.swift */ = {isa = PBXFileReference; lastKnownFileType = sourcecode.swift; path = NetworkManager.swift; sourceTree = "<group>"; };
		A39A676F29AA9F5000640D4A /* ModuleBuilder.swift */ = {isa = PBXFileReference; lastKnownFileType = sourcecode.swift; path = ModuleBuilder.swift; sourceTree = "<group>"; };
/* End PBXFileReference section */

/* Begin PBXFrameworksBuildPhase section */
		A38C650A29AA9537007FD1A8 /* Frameworks */ = {
			isa = PBXFrameworksBuildPhase;
			buildActionMask = 2147483647;
			files = (
				A39288DB29B20D3100B63C2D /* SDWebImage in Frameworks */,
				A39288D829B20C8A00B63C2D /* SnapKit in Frameworks */,
			);
			runOnlyForDeploymentPostprocessing = 0;
		};
/* End PBXFrameworksBuildPhase section */

/* Begin PBXGroup section */
		A31295F329AF88DD002C7E8A /* NewsDetailsModule */ = {
			isa = PBXGroup;
			children = (
				A39288CC29B2000E00B63C2D /* Views */,
				A39288CD29B2001700B63C2D /* Presenter */,
			);
			path = NewsDetailsModule;
			sourceTree = "<group>";
		};
		A38C650429AA9537007FD1A8 = {
			isa = PBXGroup;
			children = (
				A38C650F29AA9537007FD1A8 /* NewsAppMVP */,
				A38C650E29AA9537007FD1A8 /* Products */,
			);
			sourceTree = "<group>";
		};
		A38C650E29AA9537007FD1A8 /* Products */ = {
			isa = PBXGroup;
			children = (
				A38C650D29AA9537007FD1A8 /* NewsAppMVP.app */,
			);
			name = Products;
			sourceTree = "<group>";
		};
		A38C650F29AA9537007FD1A8 /* NewsAppMVP */ = {
			isa = PBXGroup;
			children = (
				A39A676F29AA9F5000640D4A /* ModuleBuilder.swift */,
				A39288DE29B21A3500B63C2D /* Router.swift */,
				A39A676A29AA96E000640D4A /* Services */,
				A31295F329AF88DD002C7E8A /* NewsDetailsModule */,
				A398258529AB31BF0000D2B5 /* NewsListModule */,
				A38C651029AA9537007FD1A8 /* AppDelegate.swift */,
				A38C651229AA9537007FD1A8 /* SceneDelegate.swift */,
				A38C651629AA9538007FD1A8 /* Main.storyboard */,
				A38C651929AA9538007FD1A8 /* Assets.xcassets */,
				A38C651B29AA9538007FD1A8 /* LaunchScreen.storyboard */,
				A38C651E29AA9538007FD1A8 /* Info.plist */,
			);
			path = NewsAppMVP;
			sourceTree = "<group>";
		};
		A39288A129B125E100B63C2D /* Presenter */ = {
			isa = PBXGroup;
			children = (
				A39A676429AA95FD00640D4A /* NewsListViewPresenter.swift */,
				A39A676829AA963900640D4A /* NewsListViewPresenterProtocol.swift */,
			);
			path = Presenter;
			sourceTree = "<group>";
		};
		A39288CC29B2000E00B63C2D /* Views */ = {
			isa = PBXGroup;
			children = (
				A39288D229B2009F00B63C2D /* NewsDetailsViewController.swift */,
				A39288DC29B20FED00B63C2D /* NewsDetailsViewControllerProtocol.swift */,
			);
			path = Views;
			sourceTree = "<group>";
		};
		A39288CD29B2001700B63C2D /* Presenter */ = {
			isa = PBXGroup;
			children = (
				A39288CE29B2004C00B63C2D /* NewsDetailsViewPresenterProtocol.swift */,
				A39288D029B2006700B63C2D /* NewsDetaislViewPresenter.swift */,
			);
			path = Presenter;
			sourceTree = "<group>";
		};
		A398258529AB31BF0000D2B5 /* NewsListModule */ = {
			isa = PBXGroup;
			children = (
				A398258729AB36E00000D2B5 /* Model */,
				A398258629AB31D80000D2B5 /* Views */,
				A39288A129B125E100B63C2D /* Presenter */,
			);
			path = NewsListModule;
			sourceTree = "<group>";
		};
		A398258629AB31D80000D2B5 /* Views */ = {
			isa = PBXGroup;
			children = (
				A39A676229AA95C500640D4A /* NewsListViewController.swift */,
				A39A676629AA962900640D4A /* NewsListViewControllerProtocol.swift */,
				A39288D429B20C5D00B63C2D /* NewsTableViewCell.swift */,
			);
			path = Views;
			sourceTree = "<group>";
		};
		A398258729AB36E00000D2B5 /* Model */ = {
			isa = PBXGroup;
			children = (
				A398258829AB37000000D2B5 /* Model.swift */,
			);
			path = Model;
			sourceTree = "<group>";
		};
		A39A676A29AA96E000640D4A /* Services */ = {
			isa = PBXGroup;
			children = (
				A39A676B29AA96F500640D4A /* NetworkManager.swift */,
			);
			path = Services;
			sourceTree = "<group>";
		};
/* End PBXGroup section */

/* Begin PBXNativeTarget section */
		A38C650C29AA9537007FD1A8 /* NewsAppMVP */ = {
			isa = PBXNativeTarget;
			buildConfigurationList = A38C652129AA9538007FD1A8 /* Build configuration list for PBXNativeTarget "NewsAppMVP" */;
			buildPhases = (
				A38C650929AA9537007FD1A8 /* Sources */,
				A38C650A29AA9537007FD1A8 /* Frameworks */,
				A38C650B29AA9537007FD1A8 /* Resources */,
			);
			buildRules = (
			);
			dependencies = (
			);
			name = NewsAppMVP;
			packageProductDependencies = (
				A39288D729B20C8A00B63C2D /* SnapKit */,
				A39288DA29B20D3100B63C2D /* SDWebImage */,
			);
			productName = FamousQuotes;
			productReference = A38C650D29AA9537007FD1A8 /* NewsAppMVP.app */;
			productType = "com.apple.product-type.application";
		};
/* End PBXNativeTarget section */

/* Begin PBXProject section */
		A38C650529AA9537007FD1A8 /* Project object */ = {
			isa = PBXProject;
			attributes = {
				BuildIndependentTargetsInParallel = 1;
				LastSwiftUpdateCheck = 1420;
				LastUpgradeCheck = 1420;
				TargetAttributes = {
					A38C650C29AA9537007FD1A8 = {
						CreatedOnToolsVersion = 14.2;
					};
				};
			};
			buildConfigurationList = A38C650829AA9537007FD1A8 /* Build configuration list for PBXProject "NewsAppMVP" */;
			compatibilityVersion = "Xcode 14.0";
			developmentRegion = en;
			hasScannedForEncodings = 0;
			knownRegions = (
				en,
				Base,
			);
			mainGroup = A38C650429AA9537007FD1A8;
			packageReferences = (
				A39288D629B20C8A00B63C2D /* XCRemoteSwiftPackageReference "SnapKit" */,
				A39288D929B20D3100B63C2D /* XCRemoteSwiftPackageReference "SDWebImage" */,
			);
			productRefGroup = A38C650E29AA9537007FD1A8 /* Products */;
			projectDirPath = "";
			projectRoot = "";
			targets = (
				A38C650C29AA9537007FD1A8 /* NewsAppMVP */,
			);
		};
/* End PBXProject section */

/* Begin PBXResourcesBuildPhase section */
		A38C650B29AA9537007FD1A8 /* Resources */ = {
			isa = PBXResourcesBuildPhase;
			buildActionMask = 2147483647;
			files = (
				A38C651D29AA9538007FD1A8 /* LaunchScreen.storyboard in Resources */,
				A38C651A29AA9538007FD1A8 /* Assets.xcassets in Resources */,
				A38C651829AA9538007FD1A8 /* Main.storyboard in Resources */,
			);
			runOnlyForDeploymentPostprocessing = 0;
		};
/* End PBXResourcesBuildPhase section */

/* Begin PBXSourcesBuildPhase section */
		A38C650929AA9537007FD1A8 /* Sources */ = {
			isa = PBXSourcesBuildPhase;
			buildActionMask = 2147483647;
			files = (
				A39A676529AA95FD00640D4A /* NewsListViewPresenter.swift in Sources */,
				A39A677029AA9F5000640D4A /* ModuleBuilder.swift in Sources */,
				A39288DF29B21A3500B63C2D /* Router.swift in Sources */,
				A39A676929AA963900640D4A /* NewsListViewPresenterProtocol.swift in Sources */,
				A39A676329AA95C500640D4A /* NewsListViewController.swift in Sources */,
				A39A676C29AA96F500640D4A /* NetworkManager.swift in Sources */,
				A38C651129AA9537007FD1A8 /* AppDelegate.swift in Sources */,
				A398258929AB37000000D2B5 /* Model.swift in Sources */,
				A39288D529B20C5D00B63C2D /* NewsTableViewCell.swift in Sources */,
				A39A676729AA962900640D4A /* NewsListViewControllerProtocol.swift in Sources */,
				A38C651329AA9537007FD1A8 /* SceneDelegate.swift in Sources */,
				A39288DD29B20FED00B63C2D /* NewsDetailsViewControllerProtocol.swift in Sources */,
				A39288D129B2006700B63C2D /* NewsDetaislViewPresenter.swift in Sources */,
				A39288D329B2009F00B63C2D /* NewsDetailsViewController.swift in Sources */,
				A39288CF29B2004C00B63C2D /* NewsDetailsViewPresenterProtocol.swift in Sources */,
			);
			runOnlyForDeploymentPostprocessing = 0;
		};
/* End PBXSourcesBuildPhase section */

/* Begin PBXVariantGroup section */
		A38C651629AA9538007FD1A8 /* Main.storyboard */ = {
			isa = PBXVariantGroup;
			children = (
				A38C651729AA9538007FD1A8 /* Base */,
			);
			name = Main.storyboard;
			sourceTree = "<group>";
		};
		A38C651B29AA9538007FD1A8 /* LaunchScreen.storyboard */ = {
			isa = PBXVariantGroup;
			children = (
				A38C651C29AA9538007FD1A8 /* Base */,
			);
			name = LaunchScreen.storyboard;
			sourceTree = "<group>";
		};
/* End PBXVariantGroup section */

/* Begin XCBuildConfiguration section */
		A38C651F29AA9538007FD1A8 /* Debug */ = {
			isa = XCBuildConfiguration;
			buildSettings = {
				ALWAYS_SEARCH_USER_PATHS = NO;
				CLANG_ANALYZER_NONNULL = YES;
				CLANG_ANALYZER_NUMBER_OBJECT_CONVERSION = YES_AGGRESSIVE;
				CLANG_CXX_LANGUAGE_STANDARD = "gnu++20";
				CLANG_ENABLE_MODULES = YES;
				CLANG_ENABLE_OBJC_ARC = YES;
				CLANG_ENABLE_OBJC_WEAK = YES;
				CLANG_WARN_BLOCK_CAPTURE_AUTORELEASING = YES;
				CLANG_WARN_BOOL_CONVERSION = YES;
				CLANG_WARN_COMMA = YES;
				CLANG_WARN_CONSTANT_CONVERSION = YES;
				CLANG_WARN_DEPRECATED_OBJC_IMPLEMENTATIONS = YES;
				CLANG_WARN_DIRECT_OBJC_ISA_USAGE = YES_ERROR;
				CLANG_WARN_DOCUMENTATION_COMMENTS = YES;
				CLANG_WARN_EMPTY_BODY = YES;
				CLANG_WARN_ENUM_CONVERSION = YES;
				CLANG_WARN_INFINITE_RECURSION = YES;
				CLANG_WARN_INT_CONVERSION = YES;
				CLANG_WARN_NON_LITERAL_NULL_CONVERSION = YES;
				CLANG_WARN_OBJC_IMPLICIT_RETAIN_SELF = YES;
				CLANG_WARN_OBJC_LITERAL_CONVERSION = YES;
				CLANG_WARN_OBJC_ROOT_CLASS = YES_ERROR;
				CLANG_WARN_QUOTED_INCLUDE_IN_FRAMEWORK_HEADER = YES;
				CLANG_WARN_RANGE_LOOP_ANALYSIS = YES;
				CLANG_WARN_STRICT_PROTOTYPES = YES;
				CLANG_WARN_SUSPICIOUS_MOVE = YES;
				CLANG_WARN_UNGUARDED_AVAILABILITY = YES_AGGRESSIVE;
				CLANG_WARN_UNREACHABLE_CODE = YES;
				CLANG_WARN__DUPLICATE_METHOD_MATCH = YES;
				COPY_PHASE_STRIP = NO;
				DEBUG_INFORMATION_FORMAT = dwarf;
				ENABLE_STRICT_OBJC_MSGSEND = YES;
				ENABLE_TESTABILITY = YES;
				GCC_C_LANGUAGE_STANDARD = gnu11;
				GCC_DYNAMIC_NO_PIC = NO;
				GCC_NO_COMMON_BLOCKS = YES;
				GCC_OPTIMIZATION_LEVEL = 0;
				GCC_PREPROCESSOR_DEFINITIONS = (
					"DEBUG=1",
					"$(inherited)",
				);
				GCC_WARN_64_TO_32_BIT_CONVERSION = YES;
				GCC_WARN_ABOUT_RETURN_TYPE = YES_ERROR;
				GCC_WARN_UNDECLARED_SELECTOR = YES;
				GCC_WARN_UNINITIALIZED_AUTOS = YES_AGGRESSIVE;
				GCC_WARN_UNUSED_FUNCTION = YES;
				GCC_WARN_UNUSED_VARIABLE = YES;
				IPHONEOS_DEPLOYMENT_TARGET = 16.2;
				MTL_ENABLE_DEBUG_INFO = INCLUDE_SOURCE;
				MTL_FAST_MATH = YES;
				ONLY_ACTIVE_ARCH = YES;
				SDKROOT = iphoneos;
				SWIFT_ACTIVE_COMPILATION_CONDITIONS = DEBUG;
				SWIFT_OPTIMIZATION_LEVEL = "-Onone";
			};
			name = Debug;
		};
		A38C652029AA9538007FD1A8 /* Release */ = {
			isa = XCBuildConfiguration;
			buildSettings = {
				ALWAYS_SEARCH_USER_PATHS = NO;
				CLANG_ANALYZER_NONNULL = YES;
				CLANG_ANALYZER_NUMBER_OBJECT_CONVERSION = YES_AGGRESSIVE;
				CLANG_CXX_LANGUAGE_STANDARD = "gnu++20";
				CLANG_ENABLE_MODULES = YES;
				CLANG_ENABLE_OBJC_ARC = YES;
				CLANG_ENABLE_OBJC_WEAK = YES;
				CLANG_WARN_BLOCK_CAPTURE_AUTORELEASING = YES;
				CLANG_WARN_BOOL_CONVERSION = YES;
				CLANG_WARN_COMMA = YES;
				CLANG_WARN_CONSTANT_CONVERSION = YES;
				CLANG_WARN_DEPRECATED_OBJC_IMPLEMENTATIONS = YES;
				CLANG_WARN_DIRECT_OBJC_ISA_USAGE = YES_ERROR;
				CLANG_WARN_DOCUMENTATION_COMMENTS = YES;
				CLANG_WARN_EMPTY_BODY = YES;
				CLANG_WARN_ENUM_CONVERSION = YES;
				CLANG_WARN_INFINITE_RECURSION = YES;
				CLANG_WARN_INT_CONVERSION = YES;
				CLANG_WARN_NON_LITERAL_NULL_CONVERSION = YES;
				CLANG_WARN_OBJC_IMPLICIT_RETAIN_SELF = YES;
				CLANG_WARN_OBJC_LITERAL_CONVERSION = YES;
				CLANG_WARN_OBJC_ROOT_CLASS = YES_ERROR;
				CLANG_WARN_QUOTED_INCLUDE_IN_FRAMEWORK_HEADER = YES;
				CLANG_WARN_RANGE_LOOP_ANALYSIS = YES;
				CLANG_WARN_STRICT_PROTOTYPES = YES;
				CLANG_WARN_SUSPICIOUS_MOVE = YES;
				CLANG_WARN_UNGUARDED_AVAILABILITY = YES_AGGRESSIVE;
				CLANG_WARN_UNREACHABLE_CODE = YES;
				CLANG_WARN__DUPLICATE_METHOD_MATCH = YES;
				COPY_PHASE_STRIP = NO;
				DEBUG_INFORMATION_FORMAT = "dwarf-with-dsym";
				ENABLE_NS_ASSERTIONS = NO;
				ENABLE_STRICT_OBJC_MSGSEND = YES;
				GCC_C_LANGUAGE_STANDARD = gnu11;
				GCC_NO_COMMON_BLOCKS = YES;
				GCC_WARN_64_TO_32_BIT_CONVERSION = YES;
				GCC_WARN_ABOUT_RETURN_TYPE = YES_ERROR;
				GCC_WARN_UNDECLARED_SELECTOR = YES;
				GCC_WARN_UNINITIALIZED_AUTOS = YES_AGGRESSIVE;
				GCC_WARN_UNUSED_FUNCTION = YES;
				GCC_WARN_UNUSED_VARIABLE = YES;
				IPHONEOS_DEPLOYMENT_TARGET = 16.2;
				MTL_ENABLE_DEBUG_INFO = NO;
				MTL_FAST_MATH = YES;
				SDKROOT = iphoneos;
				SWIFT_COMPILATION_MODE = wholemodule;
				SWIFT_OPTIMIZATION_LEVEL = "-O";
				VALIDATE_PRODUCT = YES;
			};
			name = Release;
		};
		A38C652229AA9538007FD1A8 /* Debug */ = {
			isa = XCBuildConfiguration;
			buildSettings = {
				ASSETCATALOG_COMPILER_APPICON_NAME = AppIcon;
				ASSETCATALOG_COMPILER_GLOBAL_ACCENT_COLOR_NAME = AccentColor;
				CODE_SIGN_STYLE = Automatic;
				CURRENT_PROJECT_VERSION = 1;
				DEVELOPMENT_TEAM = UN5MX5RT64;
				GENERATE_INFOPLIST_FILE = YES;
				INFOPLIST_FILE = NewsAppMVP/Info.plist;
				INFOPLIST_KEY_UIApplicationSupportsIndirectInputEvents = YES;
				INFOPLIST_KEY_UILaunchStoryboardName = LaunchScreen;
				INFOPLIST_KEY_UIMainStoryboardFile = Main;
				INFOPLIST_KEY_UISupportedInterfaceOrientations = UIInterfaceOrientationPortrait;
				LD_RUNPATH_SEARCH_PATHS = (
					"$(inherited)",
					"@executable_path/Frameworks",
				);
				MARKETING_VERSION = 1.0;
				PRODUCT_BUNDLE_IDENTIFIER = Evgenii.Mikhailov.FamousQuotes;
				PRODUCT_NAME = "$(TARGET_NAME)";
				SWIFT_EMIT_LOC_STRINGS = YES;
				SWIFT_VERSION = 5.0;
				TARGETED_DEVICE_FAMILY = "1,2";
			};
			name = Debug;
		};
		A38C652329AA9538007FD1A8 /* Release */ = {
			isa = XCBuildConfiguration;
			buildSettings = {
				ASSETCATALOG_COMPILER_APPICON_NAME = AppIcon;
				ASSETCATALOG_COMPILER_GLOBAL_ACCENT_COLOR_NAME = AccentColor;
				CODE_SIGN_STYLE = Automatic;
				CURRENT_PROJECT_VERSION = 1;
				DEVELOPMENT_TEAM = UN5MX5RT64;
				GENERATE_INFOPLIST_FILE = YES;
				INFOPLIST_FILE = NewsAppMVP/Info.plist;
				INFOPLIST_KEY_UIApplicationSupportsIndirectInputEvents = YES;
				INFOPLIST_KEY_UILaunchStoryboardName = LaunchScreen;
				INFOPLIST_KEY_UIMainStoryboardFile = Main;
				INFOPLIST_KEY_UISupportedInterfaceOrientations = UIInterfaceOrientationPortrait;
				LD_RUNPATH_SEARCH_PATHS = (
					"$(inherited)",
					"@executable_path/Frameworks",
				);
				MARKETING_VERSION = 1.0;
				PRODUCT_BUNDLE_IDENTIFIER = Evgenii.Mikhailov.FamousQuotes;
				PRODUCT_NAME = "$(TARGET_NAME)";
				SWIFT_EMIT_LOC_STRINGS = YES;
				SWIFT_VERSION = 5.0;
				TARGETED_DEVICE_FAMILY = "1,2";
			};
			name = Release;
		};
/* End XCBuildConfiguration section */

/* Begin XCConfigurationList section */
		A38C650829AA9537007FD1A8 /* Build configuration list for PBXProject "NewsAppMVP" */ = {
			isa = XCConfigurationList;
			buildConfigurations = (
				A38C651F29AA9538007FD1A8 /* Debug */,
				A38C652029AA9538007FD1A8 /* Release */,
			);
			defaultConfigurationIsVisible = 0;
			defaultConfigurationName = Release;
		};
		A38C652129AA9538007FD1A8 /* Build configuration list for PBXNativeTarget "NewsAppMVP" */ = {
			isa = XCConfigurationList;
			buildConfigurations = (
				A38C652229AA9538007FD1A8 /* Debug */,
				A38C652329AA9538007FD1A8 /* Release */,
			);
			defaultConfigurationIsVisible = 0;
			defaultConfigurationName = Release;
		};
/* End XCConfigurationList section */

/* Begin XCRemoteSwiftPackageReference section */
		A39288D629B20C8A00B63C2D /* XCRemoteSwiftPackageReference "SnapKit" */ = {
			isa = XCRemoteSwiftPackageReference;
			repositoryURL = "https://github.com/SnapKit/SnapKit.git";
			requirement = {
				branch = develop;
				kind = branch;
			};
		};
		A39288D929B20D3100B63C2D /* XCRemoteSwiftPackageReference "SDWebImage" */ = {
			isa = XCRemoteSwiftPackageReference;
			repositoryURL = "https://github.com/SDWebImage/SDWebImage.git";
			requirement = {
				kind = upToNextMajorVersion;
				minimumVersion = 5.0.0;
			};
		};
/* End XCRemoteSwiftPackageReference section */

/* Begin XCSwiftPackageProductDependency section */
		A39288D729B20C8A00B63C2D /* SnapKit */ = {
			isa = XCSwiftPackageProductDependency;
			package = A39288D629B20C8A00B63C2D /* XCRemoteSwiftPackageReference "SnapKit" */;
			productName = SnapKit;
		};
		A39288DA29B20D3100B63C2D /* SDWebImage */ = {
			isa = XCSwiftPackageProductDependency;
			package = A39288D929B20D3100B63C2D /* XCRemoteSwiftPackageReference "SDWebImage" */;
			productName = SDWebImage;
		};
/* End XCSwiftPackageProductDependency section */
	};
	rootObject = A38C650529AA9537007FD1A8 /* Project object */;
}
